Microsoft Visual Studio Solution File, Format Version 11.00
# Visual Studio 2008

Project("{422ACBE0-0871-0E08-4F89-2E44A19839CB}") = "coming_train", "Assembly-CSharp.csproj", "{4E00C669-5ECB-8F53-F000-A05A63E7E00C}"
EndProject
Global
	GlobalSection(SolutionConfigurationPlatforms) = preSolution
		Debug|Any CPU = Debug|Any CPU
		Release|Any CPU = Release|Any CPU
	EndGlobalSection
	GlobalSection(ProjectConfigurationPlatforms) = postSolution
		{4E00C669-5ECB-8F53-F000-A05A63E7E00C}.Debug|Any CPU.ActiveCfg = Debug|Any CPU
		{4E00C669-5ECB-8F53-F000-A05A63E7E00C}.Debug|Any CPU.Build.0 = Debug|Any CPU
		{4E00C669-5ECB-8F53-F000-A05A63E7E00C}.Release|Any CPU.ActiveCfg = Release|Any CPU
		{4E00C669-5ECB-8F53-F000-A05A63E7E00C}.Release|Any CPU.Build.0 = Release|Any CPU
	EndGlobalSection
	GlobalSection(SolutionProperties) = preSolution
		HideSolutionNode = FALSE
	EndGlobalSection
	GlobalSection(MonoDevelopProperties) = preSolution
		StartupItem = Assembly-CSharp.csproj
	EndGlobalSection
EndGlobal
